
Microsoft Visual Studio Solution File, Format Version 12.00
# Visual Studio 15
VisualStudioVersion = 15.0.28307.329
MinimumVisualStudioVersion = 10.0.40219.1
Project("{FAE04EC0-301F-11D3-BF4B-00C04F79EFBC}") = "STM32Programmer", "STM32Programmer.csproj", "{AFC0DD4B-4ADA-4051-B90E-705BEFBA11A0}"
EndProject
Global
	GlobalSection(SolutionConfigurationPlatforms) = preSolution
		Debug|Any CPU = Debug|Any CPU
		Release|Any CPU = Release|Any CPU
	EndGlobalSection
	GlobalSection(ProjectConfigurationPlatforms) = postSolution
		{AFC0DD4B-4ADA-4051-B90E-705BEFBA11A0}.Debug|Any CPU.ActiveCfg = Debug|Any CPU
		{AFC0DD4B-4ADA-4051-B90E-705BEFBA11A0}.Debug|Any CPU.Build.0 = Debug|Any CPU
		{AFC0DD4B-4ADA-4051-B90E-705BEFBA11A0}.Release|Any CPU.ActiveCfg = Release|Any CPU
		{AFC0DD4B-4ADA-4051-B90E-705BEFBA11A0}.Release|Any CPU.Build.0 = Release|Any CPU
	EndGlobalSection
	GlobalSection(SolutionProperties) = preSolution
		HideSolutionNode = FALSE
	EndGlobalSection
	GlobalSection(ExtensibilityGlobals) = postSolution
		SolutionGuid = {2717E799-4821-4915-A425-730C09DD5773}
	EndGlobalSection
EndGlobal
